
Microsoft Visual Studio Solution File, Format Version 12.00
# Visual Studio 15
VisualStudioVersion = 15.0.28010.2036
MinimumVisualStudioVersion = 10.0.40219.1
Project("{FAE04EC0-301F-11D3-BF4B-00C04F79EFBC}") = "Homework 2", "Homework 2\Homework 2.csproj", "{58DF9362-8074-4B94-B0CB-68BAEAFECB3B}"
EndProject
Global
	GlobalSection(SolutionConfigurationPlatforms) = preSolution
		Debug|Any CPU = Debug|Any CPU
		Release|Any CPU = Release|Any CPU
	EndGlobalSection
	GlobalSection(ProjectConfigurationPlatforms) = postSolution
		{58DF9362-8074-4B94-B0CB-68BAEAFECB3B}.Debug|Any CPU.ActiveCfg = Debug|Any CPU
		{58DF9362-8074-4B94-B0CB-68BAEAFECB3B}.Debug|Any CPU.Build.0 = Debug|Any CPU
		{58DF9362-8074-4B94-B0CB-68BAEAFECB3B}.Release|Any CPU.ActiveCfg = Release|Any CPU
		{58DF9362-8074-4B94-B0CB-68BAEAFECB3B}.Release|Any CPU.Build.0 = Release|Any CPU
	EndGlobalSection
	GlobalSection(SolutionProperties) = preSolution
		HideSolutionNode = FALSE
	EndGlobalSection
	GlobalSection(ExtensibilityGlobals) = postSolution
		SolutionGuid = {95DD6149-F9FA-4368-93F9-CE2155A7753E}
	EndGlobalSection
EndGlobal
